{
  "version": 4,
  "terraform_version": "1.14.3",
  "serial": 92,
  "lineage": "946784d8-8b15-959e-b6a6-a4605f3c9d85",
  "outputs": {
    "bucket_arns": {
      "value": {
        "staging": "arn:aws:s3:::aqi-staging",
        "transform": "arn:aws:s3:::aqi-transform"
      },
      "type": [
        "object",
        {
          "staging": "string",
          "transform": "string"
        }
      ]
    },
    "bucket_ids": {
      "value": {
        "staging": "aqi-staging",
        "transform": "aqi-transform"
      },
      "type": [
        "object",
        {
          "staging": "string",
          "transform": "string"
        }
      ]
    }
  },
  "resources": [
    {
      "mode": "data",
      "type": "aws_caller_identity",
      "name": "current",
      "provider": "provider[\"registry.terraform.io/hashicorp/aws\"]",
      "instances": [
        {
          "schema_version": 0,
          "attributes": {
            "account_id": "158449849022",
            "arn": "arn:aws:iam::158449849022:user/aqi_user",
            "id": "158449849022",
            "user_id": "AIDASJZCY2K7NKG74SKYF"
          },
          "sensitive_attributes": [],
          "identity_schema_version": 0
        }
      ]
    },
    {
      "mode": "data",
      "type": "aws_iam_policy_document",
      "name": "s3_to_sqs",
      "provider": "provider[\"registry.terraform.io/hashicorp/aws\"]",
      "instances": [
        {
          "schema_version": 0,
          "attributes": {
            "id": "2050342337",
            "json": "{\n  \"Version\": \"2012-10-17\",\n  \"Statement\": [\n    {\n      \"Sid\": \"AllowS3ToSendMessage\",\n      \"Effect\": \"Allow\",\n      \"Action\": \"sqs:SendMessage\",\n      \"Resource\": \"arn:aws:sqs:us-east-1:158449849022:aqi-sensor-queue\",\n      \"Principal\": {\n        \"Service\": \"s3.amazonaws.com\"\n      },\n      \"Condition\": {\n        \"ArnLike\": {\n          \"aws:SourceArn\": \"arn:aws:s3:::aqi-staging\"\n        }\n      }\n    }\n  ]\n}",
            "minified_json": "{\"Version\":\"2012-10-17\",\"Statement\":[{\"Sid\":\"AllowS3ToSendMessage\",\"Effect\":\"Allow\",\"Action\":\"sqs:SendMessage\",\"Resource\":\"arn:aws:sqs:us-east-1:158449849022:aqi-sensor-queue\",\"Principal\":{\"Service\":\"s3.amazonaws.com\"},\"Condition\":{\"ArnLike\":{\"aws:SourceArn\":\"arn:aws:s3:::aqi-staging\"}}}]}",
            "override_json": null,
            "override_policy_documents": null,
            "policy_id": null,
            "source_json": null,
            "source_policy_documents": null,
            "statement": [
              {
                "actions": [
                  "sqs:SendMessage"
                ],
                "condition": [
                  {
                    "test": "ArnLike",
                    "values": [
                      "arn:aws:s3:::aqi-staging"
                    ],
                    "variable": "aws:SourceArn"
                  }
                ],
                "effect": "Allow",
                "not_actions": [],
                "not_principals": [],
                "not_resources": [],
                "principals": [
                  {
                    "identifiers": [
                      "s3.amazonaws.com"
                    ],
                    "type": "Service"
                  }
                ],
                "resources": [
                  "arn:aws:sqs:us-east-1:158449849022:aqi-sensor-queue"
                ],
                "sid": "AllowS3ToSendMessage"
              }
            ],
            "version": "2012-10-17"
          },
          "sensitive_attributes": [],
          "identity_schema_version": 0
        }
      ]
    },
    {
      "mode": "data",
      "type": "aws_iam_policy_document",
      "name": "s3_transform_to_sqs",
      "provider": "provider[\"registry.terraform.io/hashicorp/aws\"]",
      "instances": [
        {
          "schema_version": 0,
          "attributes": {
            "id": "3729343611",
            "json": "{\n  \"Version\": \"2012-10-17\",\n  \"Statement\": [\n    {\n      \"Sid\": \"AllowS3ToSendMessages\",\n      \"Effect\": \"Allow\",\n      \"Action\": \"sqs:SendMessage\",\n      \"Resource\": \"arn:aws:sqs:us-east-1:158449849022:aqi-transform-queue\",\n      \"Principal\": {\n        \"Service\": \"s3.amazonaws.com\"\n      },\n      \"Condition\": {\n        \"ArnLike\": {\n          \"aws:SourceArn\": \"arn:aws:s3:::aqi-transform\"\n        }\n      }\n    }\n  ]\n}",
            "minified_json": "{\"Version\":\"2012-10-17\",\"Statement\":[{\"Sid\":\"AllowS3ToSendMessages\",\"Effect\":\"Allow\",\"Action\":\"sqs:SendMessage\",\"Resource\":\"arn:aws:sqs:us-east-1:158449849022:aqi-transform-queue\",\"Principal\":{\"Service\":\"s3.amazonaws.com\"},\"Condition\":{\"ArnLike\":{\"aws:SourceArn\":\"arn:aws:s3:::aqi-transform\"}}}]}",
            "override_json": null,
            "override_policy_documents": null,
            "policy_id": null,
            "source_json": null,
            "source_policy_documents": null,
            "statement": [
              {
                "actions": [
                  "sqs:SendMessage"
                ],
                "condition": [
                  {
                    "test": "ArnLike",
                    "values": [
                      "arn:aws:s3:::aqi-transform"
                    ],
                    "variable": "aws:SourceArn"
                  }
                ],
                "effect": "Allow",
                "not_actions": [],
                "not_principals": [],
                "not_resources": [],
                "principals": [
                  {
                    "identifiers": [
                      "s3.amazonaws.com"
                    ],
                    "type": "Service"
                  }
                ],
                "resources": [
                  "arn:aws:sqs:us-east-1:158449849022:aqi-transform-queue"
                ],
                "sid": "AllowS3ToSendMessages"
              }
            ],
            "version": "2012-10-17"
          },
          "sensitive_attributes": [],
          "identity_schema_version": 0
        }
      ]
    },
    {
      "mode": "data",
      "type": "aws_iam_policy_document",
      "name": "sqs_policy",
      "provider": "provider[\"registry.terraform.io/hashicorp/aws\"]",
      "instances": [
        {
          "schema_version": 0,
          "attributes": {
            "id": "2908313812",
            "json": "{\n  \"Version\": \"2012-10-17\",\n  \"Statement\": [\n    {\n      \"Sid\": \"AllowQueueManagement\",\n      \"Effect\": \"Allow\",\n      \"Action\": [\n        \"sqs:UntagQueue\",\n        \"sqs:TagQueue\",\n        \"sqs:SetQueueAttributes\",\n        \"sqs:ListQueues\",\n        \"sqs:GetQueueUrl\",\n        \"sqs:GetQueueAttributes\",\n        \"sqs:DeleteQueue\"\n      ],\n      \"Resource\": [\n        \"arn:aws:sqs:us-east-1:158449849022:aqi-sensor-queue-dlq\",\n        \"arn:aws:sqs:us-east-1:158449849022:aqi-sensor-queue\"\n      ],\n      \"Principal\": {\n        \"AWS\": \"arn:aws:iam::158449849022:user/aqi_user\"\n      }\n    },\n    {\n      \"Sid\": \"AllowMessageOperations\",\n      \"Effect\": \"Allow\",\n      \"Action\": [\n        \"sqs:SendMessage\",\n        \"sqs:ReceiveMessage\",\n        \"sqs:DeleteMessage\",\n        \"sqs:ChangeMessageVisibility\"\n      ],\n      \"Resource\": [\n        \"arn:aws:sqs:us-east-1:158449849022:aqi-sensor-queue-dlq\",\n        \"arn:aws:sqs:us-east-1:158449849022:aqi-sensor-queue\"\n      ],\n      \"Principal\": {\n        \"AWS\": \"arn:aws:iam::158449849022:user/aqi_user\"\n      }\n    }\n  ]\n}",
            "minified_json": "{\"Version\":\"2012-10-17\",\"Statement\":[{\"Sid\":\"AllowQueueManagement\",\"Effect\":\"Allow\",\"Action\":[\"sqs:UntagQueue\",\"sqs:TagQueue\",\"sqs:SetQueueAttributes\",\"sqs:ListQueues\",\"sqs:GetQueueUrl\",\"sqs:GetQueueAttributes\",\"sqs:DeleteQueue\"],\"Resource\":[\"arn:aws:sqs:us-east-1:158449849022:aqi-sensor-queue-dlq\",\"arn:aws:sqs:us-east-1:158449849022:aqi-sensor-queue\"],\"Principal\":{\"AWS\":\"arn:aws:iam::158449849022:user/aqi_user\"}},{\"Sid\":\"AllowMessageOperations\",\"Effect\":\"Allow\",\"Action\":[\"sqs:SendMessage\",\"sqs:ReceiveMessage\",\"sqs:DeleteMessage\",\"sqs:ChangeMessageVisibility\"],\"Resource\":[\"arn:aws:sqs:us-east-1:158449849022:aqi-sensor-queue-dlq\",\"arn:aws:sqs:us-east-1:158449849022:aqi-sensor-queue\"],\"Principal\":{\"AWS\":\"arn:aws:iam::158449849022:user/aqi_user\"}}]}",
            "override_json": null,
            "override_policy_documents": null,
            "policy_id": null,
            "source_json": null,
            "source_policy_documents": null,
            "statement": [
              {
                "actions": [
                  "sqs:DeleteQueue",
                  "sqs:GetQueueAttributes",
                  "sqs:GetQueueUrl",
                  "sqs:ListQueues",
                  "sqs:SetQueueAttributes",
                  "sqs:TagQueue",
                  "sqs:UntagQueue"
                ],
                "condition": [],
                "effect": "Allow",
                "not_actions": [],
                "not_principals": [],
                "not_resources": [],
                "principals": [
                  {
                    "identifiers": [
                      "arn:aws:iam::158449849022:user/aqi_user"
                    ],
                    "type": "AWS"
                  }
                ],
                "resources": [
                  "arn:aws:sqs:us-east-1:158449849022:aqi-sensor-queue",
                  "arn:aws:sqs:us-east-1:158449849022:aqi-sensor-queue-dlq"
                ],
                "sid": "AllowQueueManagement"
              },
              {
                "actions": [
                  "sqs:ChangeMessageVisibility",
                  "sqs:DeleteMessage",
                  "sqs:ReceiveMessage",
                  "sqs:SendMessage"
                ],
                "condition": [],
                "effect": "Allow",
                "not_actions": [],
                "not_principals": [],
                "not_resources": [],
                "principals": [
                  {
                    "identifiers": [
                      "arn:aws:iam::158449849022:user/aqi_user"
                    ],
                    "type": "AWS"
                  }
                ],
                "resources": [
                  "arn:aws:sqs:us-east-1:158449849022:aqi-sensor-queue",
                  "arn:aws:sqs:us-east-1:158449849022:aqi-sensor-queue-dlq"
                ],
                "sid": "AllowMessageOperations"
              }
            ],
            "version": "2012-10-17"
          },
          "sensitive_attributes": [],
          "identity_schema_version": 0
        }
      ]
    },
    {
      "mode": "data",
      "type": "aws_iam_policy_document",
      "name": "sqs_transform_policy",
      "provider": "provider[\"registry.terraform.io/hashicorp/aws\"]",
      "instances": [
        {
          "schema_version": 0,
          "attributes": {
            "id": "2526982802",
            "json": "{\n  \"Version\": \"2012-10-17\",\n  \"Statement\": [\n    {\n      \"Sid\": \"AllowQueueManagement\",\n      \"Effect\": \"Allow\",\n      \"Action\": [\n        \"sqs:UntagQueue\",\n        \"sqs:TagQueue\",\n        \"sqs:SetQueueAttributes\",\n        \"sqs:ListQueues\",\n        \"sqs:GetQueueUrl\",\n        \"sqs:GetQueueAttributes\",\n        \"sqs:DeleteQueue\"\n      ],\n      \"Resource\": [\n        \"arn:aws:sqs:us-east-1:158449849022:aqi-transform-queue-dlq\",\n        \"arn:aws:sqs:us-east-1:158449849022:aqi-transform-queue\"\n      ],\n      \"Principal\": {\n        \"AWS\": \"arn:aws:iam::158449849022:user/aqi_user\"\n      }\n    },\n    {\n      \"Sid\": \"AllowMessageOperations\",\n      \"Effect\": \"Allow\",\n      \"Action\": [\n        \"sqs:SendMessage\",\n        \"sqs:ReceiveMessage\",\n        \"sqs:DeleteMessage\",\n        \"sqs:ChangeMessageVisibility\"\n      ],\n      \"Resource\": [\n        \"arn:aws:sqs:us-east-1:158449849022:aqi-transform-queue-dlq\",\n        \"arn:aws:sqs:us-east-1:158449849022:aqi-transform-queue\"\n      ],\n      \"Principal\": {\n        \"AWS\": \"arn:aws:iam::158449849022:user/aqi_user\"\n      }\n    }\n  ]\n}",
            "minified_json": "{\"Version\":\"2012-10-17\",\"Statement\":[{\"Sid\":\"AllowQueueManagement\",\"Effect\":\"Allow\",\"Action\":[\"sqs:UntagQueue\",\"sqs:TagQueue\",\"sqs:SetQueueAttributes\",\"sqs:ListQueues\",\"sqs:GetQueueUrl\",\"sqs:GetQueueAttributes\",\"sqs:DeleteQueue\"],\"Resource\":[\"arn:aws:sqs:us-east-1:158449849022:aqi-transform-queue-dlq\",\"arn:aws:sqs:us-east-1:158449849022:aqi-transform-queue\"],\"Principal\":{\"AWS\":\"arn:aws:iam::158449849022:user/aqi_user\"}},{\"Sid\":\"AllowMessageOperations\",\"Effect\":\"Allow\",\"Action\":[\"sqs:SendMessage\",\"sqs:ReceiveMessage\",\"sqs:DeleteMessage\",\"sqs:ChangeMessageVisibility\"],\"Resource\":[\"arn:aws:sqs:us-east-1:158449849022:aqi-transform-queue-dlq\",\"arn:aws:sqs:us-east-1:158449849022:aqi-transform-queue\"],\"Principal\":{\"AWS\":\"arn:aws:iam::158449849022:user/aqi_user\"}}]}",
            "override_json": null,
            "override_policy_documents": null,
            "policy_id": null,
            "source_json": null,
            "source_policy_documents": null,
            "statement": [
              {
                "actions": [
                  "sqs:DeleteQueue",
                  "sqs:GetQueueAttributes",
                  "sqs:GetQueueUrl",
                  "sqs:ListQueues",
                  "sqs:SetQueueAttributes",
                  "sqs:TagQueue",
                  "sqs:UntagQueue"
                ],
                "condition": [],
                "effect": "Allow",
                "not_actions": [],
                "not_principals": [],
                "not_resources": [],
                "principals": [
                  {
                    "identifiers": [
                      "arn:aws:iam::158449849022:user/aqi_user"
                    ],
                    "type": "AWS"
                  }
                ],
                "resources": [
                  "arn:aws:sqs:us-east-1:158449849022:aqi-transform-queue",
                  "arn:aws:sqs:us-east-1:158449849022:aqi-transform-queue-dlq"
                ],
                "sid": "AllowQueueManagement"
              },
              {
                "actions": [
                  "sqs:ChangeMessageVisibility",
                  "sqs:DeleteMessage",
                  "sqs:ReceiveMessage",
                  "sqs:SendMessage"
                ],
                "condition": [],
                "effect": "Allow",
                "not_actions": [],
                "not_principals": [],
                "not_resources": [],
                "principals": [
                  {
                    "identifiers": [
                      "arn:aws:iam::158449849022:user/aqi_user"
                    ],
                    "type": "AWS"
                  }
                ],
                "resources": [
                  "arn:aws:sqs:us-east-1:158449849022:aqi-transform-queue",
                  "arn:aws:sqs:us-east-1:158449849022:aqi-transform-queue-dlq"
                ],
                "sid": "AllowMessageOperations"
              }
            ],
            "version": "2012-10-17"
          },
          "sensitive_attributes": [],
          "identity_schema_version": 0
        }
      ]
    },
    {
      "mode": "managed",
      "type": "aws_s3_bucket",
      "name": "buckets",
      "provider": "provider[\"registry.terraform.io/hashicorp/aws\"]",
      "instances": [
        {
          "index_key": "staging",
          "schema_version": 0,
          "attributes": {
            "acceleration_status": "",
            "acl": null,
            "arn": "arn:aws:s3:::aqi-staging",
            "bucket": "aqi-staging",
            "bucket_domain_name": "aqi-staging.s3.amazonaws.com",
            "bucket_namespace": "global",
            "bucket_prefix": "",
            "bucket_region": "us-east-1",
            "bucket_regional_domain_name": "aqi-staging.s3.us-east-1.amazonaws.com",
            "cors_rule": [],
            "force_destroy": true,
            "grant": [
              {
                "id": "4bc5c8f78eae47ea27f6a5c56d18eb5a64c1056a0f75957674ff04923efd2920",
                "permissions": [
                  "FULL_CONTROL"
                ],
                "type": "CanonicalUser",
                "uri": ""
              }
            ],
            "hosted_zone_id": "Z3AQBSTGFYJSTF",
            "id": "aqi-staging",
            "lifecycle_rule": [],
            "logging": [],
            "object_lock_configuration": [],
            "object_lock_enabled": false,
            "policy": "",
            "region": "us-east-1",
            "replication_configuration": [],
            "request_payer": "BucketOwner",
            "server_side_encryption_configuration": [
              {
                "rule": [
                  {
                    "apply_server_side_encryption_by_default": [
                      {
                        "kms_master_key_id": "",
                        "sse_algorithm": "AES256"
                      }
                    ],
                    "bucket_key_enabled": false
                  }
                ]
              }
            ],
            "tags": {
              "Environment": "dev",
              "ManagedBy": "Terraform",
              "Name": "aqi-staging"
            },
            "tags_all": {
              "Environment": "dev",
              "ManagedBy": "Terraform",
              "Name": "aqi-staging"
            },
            "timeouts": null,
            "versioning": [
              {
                "enabled": true,
                "mfa_delete": false
              }
            ],
            "website": [],
            "website_domain": null,
            "website_endpoint": null
          },
          "sensitive_attributes": [],
          "identity_schema_version": 0,
          "identity": {
            "account_id": "158449849022",
            "bucket": "aqi-staging",
            "region": "us-east-1"
          },
          "private": "eyJlMmJmYjczMC1lY2FhLTExZTYtOGY4OC0zNDM2M2JjN2M0YzAiOnsiY3JlYXRlIjoxMjAwMDAwMDAwMDAwLCJkZWxldGUiOjM2MDAwMDAwMDAwMDAsInJlYWQiOjEyMDAwMDAwMDAwMDAsInVwZGF0ZSI6MTIwMDAwMDAwMDAwMH19"
        },
        {
          "index_key": "transform",
          "schema_version": 0,
          "attributes": {
            "acceleration_status": "",
            "acl": null,
            "arn": "arn:aws:s3:::aqi-transform",
            "bucket": "aqi-transform",
            "bucket_domain_name": "aqi-transform.s3.amazonaws.com",
            "bucket_namespace": "global",
            "bucket_prefix": "",
            "bucket_region": "us-east-1",
            "bucket_regional_domain_name": "aqi-transform.s3.us-east-1.amazonaws.com",
            "cors_rule": [],
            "force_destroy": true,
            "grant": [
              {
                "id": "4bc5c8f78eae47ea27f6a5c56d18eb5a64c1056a0f75957674ff04923efd2920",
                "permissions": [
                  "FULL_CONTROL"
                ],
                "type": "CanonicalUser",
                "uri": ""
              }
            ],
            "hosted_zone_id": "Z3AQBSTGFYJSTF",
            "id": "aqi-transform",
            "lifecycle_rule": [],
            "logging": [],
            "object_lock_configuration": [],
            "object_lock_enabled": false,
            "policy": "",
            "region": "us-east-1",
            "replication_configuration": [],
            "request_payer": "BucketOwner",
            "server_side_encryption_configuration": [
              {
                "rule": [
                  {
                    "apply_server_side_encryption_by_default": [
                      {
                        "kms_master_key_id": "",
                        "sse_algorithm": "AES256"
                      }
                    ],
                    "bucket_key_enabled": false
                  }
                ]
              }
            ],
            "tags": {
              "Environment": "dev",
              "ManagedBy": "Terraform",
              "Name": "aqi-transform"
            },
            "tags_all": {
              "Environment": "dev",
              "ManagedBy": "Terraform",
              "Name": "aqi-transform"
            },
            "timeouts": null,
            "versioning": [
              {
                "enabled": true,
                "mfa_delete": false
              }
            ],
            "website": [],
            "website_domain": null,
            "website_endpoint": null
          },
          "sensitive_attributes": [],
          "identity_schema_version": 0,
          "identity": {
            "account_id": "158449849022",
            "bucket": "aqi-transform",
            "region": "us-east-1"
          },
          "private": "eyJlMmJmYjczMC1lY2FhLTExZTYtOGY4OC0zNDM2M2JjN2M0YzAiOnsiY3JlYXRlIjoxMjAwMDAwMDAwMDAwLCJkZWxldGUiOjM2MDAwMDAwMDAwMDAsInJlYWQiOjEyMDAwMDAwMDAwMDAsInVwZGF0ZSI6MTIwMDAwMDAwMDAwMH19"
        }
      ]
    },
    {
      "mode": "managed",
      "type": "aws_s3_bucket_notification",
      "name": "staging_notification",
      "provider": "provider[\"registry.terraform.io/hashicorp/aws\"]",
      "instances": [
        {
          "schema_version": 0,
          "attributes": {
            "bucket": "aqi-staging",
            "eventbridge": false,
            "id": "aqi-staging",
            "lambda_function": [],
            "queue": [
              {
                "events": [
                  "s3:ObjectCreated:*"
                ],
                "filter_prefix": "raw_data/",
                "filter_suffix": ".json",
                "id": "tf-s3-queue-20260531014706144500000001",
                "queue_arn": "arn:aws:sqs:us-east-1:158449849022:aqi-sensor-queue"
              }
            ],
            "region": "us-east-1",
            "topic": []
          },
          "sensitive_attributes": [],
          "identity_schema_version": 0,
          "identity": {
            "account_id": "158449849022",
            "bucket": "aqi-staging",
            "region": "us-east-1"
          },
          "private": "bnVsbA==",
          "dependencies": [
            "aws_s3_bucket.buckets",
            "aws_sqs_queue.dlq",
            "aws_sqs_queue.my_queue",
            "aws_sqs_queue_redrive_allow_policy.my_queue_redrive_allow"
          ]
        }
      ]
    },
    {
      "mode": "managed",
      "type": "aws_s3_bucket_notification",
      "name": "transform_notification",
      "provider": "provider[\"registry.terraform.io/hashicorp/aws\"]",
      "instances": [
        {
          "schema_version": 0,
          "attributes": {
            "bucket": "aqi-transform",
            "eventbridge": false,
            "id": "aqi-transform",
            "lambda_function": [],
            "queue": [
              {
                "events": [
                  "s3:ObjectCreated:*"
                ],
                "filter_prefix": "transformed_data/",
                "filter_suffix": ".parquet",
                "id": "TransformQueueNotification",
                "queue_arn": "arn:aws:sqs:us-east-1:158449849022:aqi-transform-queue"
              }
            ],
            "region": "us-east-1",
            "topic": []
          },
          "sensitive_attributes": [],
          "identity_schema_version": 0,
          "identity": {
            "account_id": "158449849022",
            "bucket": "aqi-transform",
            "region": "us-east-1"
          },
          "private": "bnVsbA==",
          "dependencies": [
            "aws_s3_bucket.buckets",
            "aws_sqs_queue.transform_dlq",
            "aws_sqs_queue.transform_queue",
            "aws_sqs_queue_policy.transform_queue_policy",
            "data.aws_caller_identity.current",
            "data.aws_iam_policy_document.s3_transform_to_sqs"
          ]
        }
      ]
    },
    {
      "mode": "managed",
      "type": "aws_s3_bucket_server_side_encryption_configuration",
      "name": "buckets",
      "provider": "provider[\"registry.terraform.io/hashicorp/aws\"]",
      "instances": [
        {
          "index_key": "staging",
          "schema_version": 0,
          "attributes": {
            "bucket": "aqi-staging",
            "expected_bucket_owner": "",
            "id": "aqi-staging",
            "region": "us-east-1",
            "rule": [
              {
                "apply_server_side_encryption_by_default": [
                  {
                    "kms_master_key_id": "",
                    "sse_algorithm": "AES256"
                  }
                ],
                "blocked_encryption_types": [
                  "SSE-C"
                ],
                "bucket_key_enabled": false
              }
            ]
          },
          "sensitive_attributes": [],
          "identity_schema_version": 1,
          "identity": {
            "account_id": "158449849022",
            "bucket": "aqi-staging",
            "region": "us-east-1"
          },
          "private": "bnVsbA==",
          "dependencies": [
            "aws_s3_bucket.buckets"
          ]
        },
        {
          "index_key": "transform",
          "schema_version": 0,
          "attributes": {
            "bucket": "aqi-transform",
            "expected_bucket_owner": "",
            "id": "aqi-transform",
            "region": "us-east-1",
            "rule": [
              {
                "apply_server_side_encryption_by_default": [
                  {
                    "kms_master_key_id": "",
                    "sse_algorithm": "AES256"
                  }
                ],
                "blocked_encryption_types": [
                  "SSE-C"
                ],
                "bucket_key_enabled": false
              }
            ]
          },
          "sensitive_attributes": [],
          "identity_schema_version": 1,
          "identity": {
            "account_id": "158449849022",
            "bucket": "aqi-transform",
            "region": "us-east-1"
          },
          "private": "bnVsbA==",
          "dependencies": [
            "aws_s3_bucket.buckets"
          ]
        }
      ]
    },
    {
      "mode": "managed",
      "type": "aws_s3_bucket_versioning",
      "name": "buckets",
      "provider": "provider[\"registry.terraform.io/hashicorp/aws\"]",
      "instances": [
        {
          "index_key": "staging",
          "schema_version": 0,
          "attributes": {
            "bucket": "aqi-staging",
            "expected_bucket_owner": "",
            "id": "aqi-staging",
            "mfa": null,
            "region": "us-east-1",
            "versioning_configuration": [
              {
                "mfa_delete": "",
                "status": "Enabled"
              }
            ]
          },
          "sensitive_attributes": [],
          "identity_schema_version": 1,
          "identity": {
            "account_id": "158449849022",
            "bucket": "aqi-staging",
            "region": "us-east-1"
          },
          "private": "bnVsbA==",
          "dependencies": [
            "aws_s3_bucket.buckets"
          ]
        },
        {
          "index_key": "transform",
          "schema_version": 0,
          "attributes": {
            "bucket": "aqi-transform",
            "expected_bucket_owner": "",
            "id": "aqi-transform",
            "mfa": null,
            "region": "us-east-1",
            "versioning_configuration": [
              {
                "mfa_delete": "",
                "status": "Enabled"
              }
            ]
          },
          "sensitive_attributes": [],
          "identity_schema_version": 1,
          "identity": {
            "account_id": "158449849022",
            "bucket": "aqi-transform",
            "region": "us-east-1"
          },
          "private": "bnVsbA==",
          "dependencies": [
            "aws_s3_bucket.buckets"
          ]
        }
      ]
    },
    {
      "mode": "managed",
      "type": "aws_sqs_queue",
      "name": "dlq",
      "provider": "provider[\"registry.terraform.io/hashicorp/aws\"]",
      "instances": [
        {
          "schema_version": 0,
          "attributes": {
            "arn": "arn:aws:sqs:us-east-1:158449849022:aqi-sensor-queue-dlq",
            "content_based_deduplication": false,
            "deduplication_scope": "",
            "delay_seconds": 0,
            "fifo_queue": false,
            "fifo_throughput_limit": "",
            "id": "https://sqs.us-east-1.amazonaws.com/158449849022/aqi-sensor-queue-dlq",
            "kms_data_key_reuse_period_seconds": 300,
            "kms_master_key_id": "",
            "max_message_size": 262144,
            "message_retention_seconds": 345600,
            "name": "aqi-sensor-queue-dlq",
            "name_prefix": "",
            "policy": "",
            "receive_wait_time_seconds": 0,
            "redrive_allow_policy": "{\"redrivePermission\":\"byQueue\",\"sourceQueueArns\":[\"arn:aws:sqs:us-east-1:158449849022:aqi-sensor-queue\"]}",
            "redrive_policy": "",
            "region": "us-east-1",
            "sqs_managed_sse_enabled": true,
            "tags": {},
            "tags_all": {},
            "timeouts": null,
            "url": "https://sqs.us-east-1.amazonaws.com/158449849022/aqi-sensor-queue-dlq",
            "visibility_timeout_seconds": 30
          },
          "sensitive_attributes": [],
          "identity_schema_version": 1,
          "identity": {
            "url": "https://sqs.us-east-1.amazonaws.com/158449849022/aqi-sensor-queue-dlq"
          },
          "private": "eyJlMmJmYjczMC1lY2FhLTExZTYtOGY4OC0zNDM2M2JjN2M0YzAiOnsiY3JlYXRlIjoxODAwMDAwMDAwMDAsImRlbGV0ZSI6MTgwMDAwMDAwMDAwLCJ1cGRhdGUiOjE4MDAwMDAwMDAwMH19"
        }
      ]
    },
    {
      "mode": "managed",
      "type": "aws_sqs_queue",
      "name": "my_queue",
      "provider": "provider[\"registry.terraform.io/hashicorp/aws\"]",
      "instances": [
        {
          "schema_version": 0,
          "attributes": {
            "arn": "arn:aws:sqs:us-east-1:158449849022:aqi-sensor-queue",
            "content_based_deduplication": false,
            "deduplication_scope": "",
            "delay_seconds": 0,
            "fifo_queue": false,
            "fifo_throughput_limit": "",
            "id": "https://sqs.us-east-1.amazonaws.com/158449849022/aqi-sensor-queue",
            "kms_data_key_reuse_period_seconds": 300,
            "kms_master_key_id": "",
            "max_message_size": 262144,
            "message_retention_seconds": 86400,
            "name": "aqi-sensor-queue",
            "name_prefix": "",
            "policy": "{\"Statement\":[{\"Action\":\"sqs:SendMessage\",\"Condition\":{\"ArnLike\":{\"aws:SourceArn\":\"arn:aws:s3:::aqi-staging\"}},\"Effect\":\"Allow\",\"Principal\":{\"Service\":\"s3.amazonaws.com\"},\"Resource\":\"arn:aws:sqs:us-east-1:158449849022:aqi-sensor-queue\",\"Sid\":\"AllowS3ToSendMessage\"}],\"Version\":\"2012-10-17\"}",
            "receive_wait_time_seconds": 10,
            "redrive_allow_policy": "",
            "redrive_policy": "{\"deadLetterTargetArn\":\"arn:aws:sqs:us-east-1:158449849022:aqi-sensor-queue-dlq\",\"maxReceiveCount\":3}",
            "region": "us-east-1",
            "sqs_managed_sse_enabled": true,
            "tags": {
              "Environment": "dev",
              "ManagedBy": "Terraform"
            },
            "tags_all": {
              "Environment": "dev",
              "ManagedBy": "Terraform"
            },
            "timeouts": null,
            "url": "https://sqs.us-east-1.amazonaws.com/158449849022/aqi-sensor-queue",
            "visibility_timeout_seconds": 30
          },
          "sensitive_attributes": [],
          "identity_schema_version": 1,
          "identity": {
            "url": "https://sqs.us-east-1.amazonaws.com/158449849022/aqi-sensor-queue"
          },
          "private": "eyJlMmJmYjczMC1lY2FhLTExZTYtOGY4OC0zNDM2M2JjN2M0YzAiOnsiY3JlYXRlIjoxODAwMDAwMDAwMDAsImRlbGV0ZSI6MTgwMDAwMDAwMDAwLCJ1cGRhdGUiOjE4MDAwMDAwMDAwMH19",
          "dependencies": [
            "aws_sqs_queue.dlq"
          ]
        }
      ]
    },
    {
      "mode": "managed",
      "type": "aws_sqs_queue",
      "name": "transform_dlq",
      "provider": "provider[\"registry.terraform.io/hashicorp/aws\"]",
      "instances": [
        {
          "schema_version": 0,
          "attributes": {
            "arn": "arn:aws:sqs:us-east-1:158449849022:aqi-transform-queue-dlq",
            "content_based_deduplication": false,
            "deduplication_scope": "",
            "delay_seconds": 0,
            "fifo_queue": false,
            "fifo_throughput_limit": "",
            "id": "https://sqs.us-east-1.amazonaws.com/158449849022/aqi-transform-queue-dlq",
            "kms_data_key_reuse_period_seconds": 300,
            "kms_master_key_id": "",
            "max_message_size": 262144,
            "message_retention_seconds": 345600,
            "name": "aqi-transform-queue-dlq",
            "name_prefix": "",
            "policy": "",
            "receive_wait_time_seconds": 0,
            "redrive_allow_policy": "{\"redrivePermission\":\"byQueue\",\"sourceQueueArns\":[\"arn:aws:sqs:us-east-1:158449849022:aqi-transform-queue\"]}",
            "redrive_policy": "",
            "region": "us-east-1",
            "sqs_managed_sse_enabled": true,
            "tags": {},
            "tags_all": {},
            "timeouts": null,
            "url": "https://sqs.us-east-1.amazonaws.com/158449849022/aqi-transform-queue-dlq",
            "visibility_timeout_seconds": 30
          },
          "sensitive_attributes": [],
          "identity_schema_version": 1,
          "identity": {
            "url": "https://sqs.us-east-1.amazonaws.com/158449849022/aqi-transform-queue-dlq"
          },
          "private": "eyJlMmJmYjczMC1lY2FhLTExZTYtOGY4OC0zNDM2M2JjN2M0YzAiOnsiY3JlYXRlIjoxODAwMDAwMDAwMDAsImRlbGV0ZSI6MTgwMDAwMDAwMDAwLCJ1cGRhdGUiOjE4MDAwMDAwMDAwMH19"
        }
      ]
    },
    {
      "mode": "managed",
      "type": "aws_sqs_queue",
      "name": "transform_queue",
      "provider": "provider[\"registry.terraform.io/hashicorp/aws\"]",
      "instances": [
        {
          "schema_version": 0,
          "attributes": {
            "arn": "arn:aws:sqs:us-east-1:158449849022:aqi-transform-queue",
            "content_based_deduplication": false,
            "deduplication_scope": "",
            "delay_seconds": 0,
            "fifo_queue": false,
            "fifo_throughput_limit": "",
            "id": "https://sqs.us-east-1.amazonaws.com/158449849022/aqi-transform-queue",
            "kms_data_key_reuse_period_seconds": 300,
            "kms_master_key_id": "",
            "max_message_size": 262144,
            "message_retention_seconds": 86400,
            "name": "aqi-transform-queue",
            "name_prefix": "",
            "policy": "{\"Statement\":[{\"Action\":\"sqs:SendMessage\",\"Condition\":{\"ArnLike\":{\"aws:SourceArn\":\"arn:aws:s3:::aqi-transform\"}},\"Effect\":\"Allow\",\"Principal\":{\"Service\":\"s3.amazonaws.com\"},\"Resource\":\"arn:aws:sqs:us-east-1:158449849022:aqi-transform-queue\",\"Sid\":\"AllowS3ToSendMessages\"}],\"Version\":\"2012-10-17\"}",
            "receive_wait_time_seconds": 10,
            "redrive_allow_policy": "",
            "redrive_policy": "{\"deadLetterTargetArn\":\"arn:aws:sqs:us-east-1:158449849022:aqi-transform-queue-dlq\",\"maxReceiveCount\":3}",
            "region": "us-east-1",
            "sqs_managed_sse_enabled": true,
            "tags": {
              "Environment": "dev",
              "ManagedBy": "Terraform"
            },
            "tags_all": {
              "Environment": "dev",
              "ManagedBy": "Terraform"
            },
            "timeouts": null,
            "url": "https://sqs.us-east-1.amazonaws.com/158449849022/aqi-transform-queue",
            "visibility_timeout_seconds": 30
          },
          "sensitive_attributes": [],
          "identity_schema_version": 1,
          "identity": {
            "url": "https://sqs.us-east-1.amazonaws.com/158449849022/aqi-transform-queue"
          },
          "private": "eyJlMmJmYjczMC1lY2FhLTExZTYtOGY4OC0zNDM2M2JjN2M0YzAiOnsiY3JlYXRlIjoxODAwMDAwMDAwMDAsImRlbGV0ZSI6MTgwMDAwMDAwMDAwLCJ1cGRhdGUiOjE4MDAwMDAwMDAwMH19",
          "dependencies": [
            "aws_sqs_queue.transform_dlq"
          ]
        }
      ]
    },
    {
      "mode": "managed",
      "type": "aws_sqs_queue_policy",
      "name": "s3_notification_policy",
      "provider": "provider[\"registry.terraform.io/hashicorp/aws\"]",
      "instances": [
        {
          "schema_version": 1,
          "attributes": {
            "id": "https://sqs.us-east-1.amazonaws.com/158449849022/aqi-sensor-queue",
            "policy": "{\"Statement\":[{\"Action\":\"sqs:SendMessage\",\"Condition\":{\"ArnLike\":{\"aws:SourceArn\":\"arn:aws:s3:::aqi-staging\"}},\"Effect\":\"Allow\",\"Principal\":{\"Service\":\"s3.amazonaws.com\"},\"Resource\":\"arn:aws:sqs:us-east-1:158449849022:aqi-sensor-queue\",\"Sid\":\"AllowS3ToSendMessage\"}],\"Version\":\"2012-10-17\"}",
            "queue_url": "https://sqs.us-east-1.amazonaws.com/158449849022/aqi-sensor-queue",
            "region": "us-east-1"
          },
          "sensitive_attributes": [],
          "identity_schema_version": 1,
          "identity": {
            "queue_url": "https://sqs.us-east-1.amazonaws.com/158449849022/aqi-sensor-queue"
          },
          "private": "eyJzY2hlbWFfdmVyc2lvbiI6IjEifQ==",
          "dependencies": [
            "aws_sqs_queue.dlq",
            "aws_sqs_queue.my_queue",
            "data.aws_caller_identity.current",
            "data.aws_iam_policy_document.s3_to_sqs"
          ]
        }
      ]
    },
    {
      "mode": "managed",
      "type": "aws_sqs_queue_policy",
      "name": "transform_queue_policy",
      "provider": "provider[\"registry.terraform.io/hashicorp/aws\"]",
      "instances": [
        {
          "schema_version": 1,
          "attributes": {
            "id": "https://sqs.us-east-1.amazonaws.com/158449849022/aqi-transform-queue",
            "policy": "{\"Statement\":[{\"Action\":\"sqs:SendMessage\",\"Condition\":{\"ArnLike\":{\"aws:SourceArn\":\"arn:aws:s3:::aqi-transform\"}},\"Effect\":\"Allow\",\"Principal\":{\"Service\":\"s3.amazonaws.com\"},\"Resource\":\"arn:aws:sqs:us-east-1:158449849022:aqi-transform-queue\",\"Sid\":\"AllowS3ToSendMessages\"}],\"Version\":\"2012-10-17\"}",
            "queue_url": "https://sqs.us-east-1.amazonaws.com/158449849022/aqi-transform-queue",
            "region": "us-east-1"
          },
          "sensitive_attributes": [],
          "identity_schema_version": 1,
          "identity": {
            "queue_url": "https://sqs.us-east-1.amazonaws.com/158449849022/aqi-transform-queue"
          },
          "private": "eyJzY2hlbWFfdmVyc2lvbiI6IjEifQ==",
          "dependencies": [
            "aws_sqs_queue.transform_dlq",
            "aws_sqs_queue.transform_queue",
            "data.aws_caller_identity.current",
            "data.aws_iam_policy_document.s3_transform_to_sqs"
          ]
        }
      ]
    },
    {
      "mode": "managed",
      "type": "aws_sqs_queue_redrive_allow_policy",
      "name": "my_queue_redrive_allow",
      "provider": "provider[\"registry.terraform.io/hashicorp/aws\"]",
      "instances": [
        {
          "schema_version": 0,
          "attributes": {
            "id": "https://sqs.us-east-1.amazonaws.com/158449849022/aqi-sensor-queue-dlq",
            "queue_url": "https://sqs.us-east-1.amazonaws.com/158449849022/aqi-sensor-queue-dlq",
            "redrive_allow_policy": "{\"redrivePermission\":\"byQueue\",\"sourceQueueArns\":[\"arn:aws:sqs:us-east-1:158449849022:aqi-sensor-queue\"]}",
            "region": "us-east-1"
          },
          "sensitive_attributes": [],
          "identity_schema_version": 1,
          "identity": {
            "queue_url": "https://sqs.us-east-1.amazonaws.com/158449849022/aqi-sensor-queue-dlq"
          },
          "private": "bnVsbA==",
          "dependencies": [
            "aws_sqs_queue.dlq",
            "aws_sqs_queue.my_queue"
          ]
        }
      ]
    },
    {
      "mode": "managed",
      "type": "aws_sqs_queue_redrive_allow_policy",
      "name": "transform_queue_redrive_allow",
      "provider": "provider[\"registry.terraform.io/hashicorp/aws\"]",
      "instances": [
        {
          "schema_version": 0,
          "attributes": {
            "id": "https://sqs.us-east-1.amazonaws.com/158449849022/aqi-transform-queue-dlq",
            "queue_url": "https://sqs.us-east-1.amazonaws.com/158449849022/aqi-transform-queue-dlq",
            "redrive_allow_policy": "{\"redrivePermission\":\"byQueue\",\"sourceQueueArns\":[\"arn:aws:sqs:us-east-1:158449849022:aqi-transform-queue\"]}",
            "region": "us-east-1"
          },
          "sensitive_attributes": [],
          "identity_schema_version": 1,
          "identity": {
            "queue_url": "https://sqs.us-east-1.amazonaws.com/158449849022/aqi-transform-queue-dlq"
          },
          "private": "bnVsbA==",
          "dependencies": [
            "aws_sqs_queue.transform_dlq",
            "aws_sqs_queue.transform_queue"
          ]
        }
      ]
    }
  ],
  "check_results": null
}
